Microsoft Visual Studio Solution File, Format Version 12.00
# Visual Studio Version 17
VisualStudioVersion = 17.5.2.0
MinimumVisualStudioVersion = 10.0.40219.1
Project("{FAE04EC0-301F-11D3-BF4B-00C04F79EFBC}") = "Disquera2.0", "Disquera2.0.csproj", "{CCA5F7B9-6978-98BF-10AF-2A616847120A}"
EndProject
Global
	GlobalSection(SolutionConfigurationPlatforms) = preSolution
		Debug|Any CPU = Debug|Any CPU
		Release|Any CPU = Release|Any CPU
	EndGlobalSection
	GlobalSection(ProjectConfigurationPlatforms) = postSolution
		{CCA5F7B9-6978-98BF-10AF-2A616847120A}.Debug|Any CPU.ActiveCfg = Debug|Any CPU
		{CCA5F7B9-6978-98BF-10AF-2A616847120A}.Debug|Any CPU.Build.0 = Debug|Any CPU
		{CCA5F7B9-6978-98BF-10AF-2A616847120A}.Release|Any CPU.ActiveCfg = Release|Any CPU
		{CCA5F7B9-6978-98BF-10AF-2A616847120A}.Release|Any CPU.Build.0 = Release|Any CPU
	EndGlobalSection
	GlobalSection(SolutionProperties) = preSolution
		HideSolutionNode = FALSE
	EndGlobalSection
	GlobalSection(ExtensibilityGlobals) = postSolution
		SolutionGuid = {EB23EE0D-E00E-45A3-AB05-7891CBE48D0F}
	EndGlobalSection
EndGlobal
